
Microsoft Visual Studio Solution File, Format Version 12.00
# Visual Studio Version 17
VisualStudioVersion = 17.7.34018.315
MinimumVisualStudioVersion = 10.0.40219.1
Project("{FAE04EC0-301F-11D3-BF4B-00C04F79EFBC}") = "WPF_hmw", "WPF_hmw\WPF_hmw.csproj", "{B429590E-C35D-4B01-9180-25C1CFA945E8}"
EndProject
Global
	GlobalSection(SolutionConfigurationPlatforms) = preSolution
		Debug|Any CPU = Debug|Any CPU
		Release|Any CPU = Release|Any CPU
	EndGlobalSection
	GlobalSection(ProjectConfigurationPlatforms) = postSolution
		{B429590E-C35D-4B01-9180-25C1CFA945E8}.Debug|Any CPU.ActiveCfg = Debug|Any CPU
		{B429590E-C35D-4B01-9180-25C1CFA945E8}.Debug|Any CPU.Build.0 = Debug|Any CPU
		{B429590E-C35D-4B01-9180-25C1CFA945E8}.Release|Any CPU.ActiveCfg = Release|Any CPU
		{B429590E-C35D-4B01-9180-25C1CFA945E8}.Release|Any CPU.Build.0 = Release|Any CPU
	EndGlobalSection
	GlobalSection(SolutionProperties) = preSolution
		HideSolutionNode = FALSE
	EndGlobalSection
	GlobalSection(ExtensibilityGlobals) = postSolution
		SolutionGuid = {66CF8112-B41D-4A87-AF9E-6F82EABD508E}
	EndGlobalSection
EndGlobal
